
Microsoft Visual Studio Solution File, Format Version 12.00
# Visual Studio Version 17
VisualStudioVersion = 17.0.31903.59
MinimumVisualStudioVersion = 10.0.40219.1
Project("{2150E333-8FDC-42A3-9474-1A3956D46DE8}") = "Constrcting_Types_And_Apps", "Constrcting_Types_And_Apps", "{4E95C097-ECE4-4650-BEB9-B3AC2BDBE6C7}"
EndProject
Project("{FAE04EC0-301F-11D3-BF4B-00C04F79EFBC}") = "Managing.Object.End.Of.Lifetime", "Constrcting_Types_And_Apps\Managing.Object.End.Of.Lifetime\Managing.Object.End.Of.Lifetime.csproj", "{2B05CADD-2EFC-466D-8685-73E519FA8908}"
EndProject
Project("{FAE04EC0-301F-11D3-BF4B-00C04F79EFBC}") = "Removing.Explicit.Dependencies", "Constrcting_Types_And_Apps\Removing.Explicit.Dependencies\Removing.Explicit.Dependencies.csproj", "{75CDAEF5-15B0-43A0-97EC-AF3A00CD9750}"
EndProject
Project("{FAE04EC0-301F-11D3-BF4B-00C04F79EFBC}") = "Delegating.Object.Creation.To.Class", "Constrcting_Types_And_Apps\Delegating.Object.Creation.To.Class\Delegating.Object.Creation.To.Class.csproj", "{14F36161-EFA5-45C2-B293-BD006717713C}"
EndProject
Project("{FAE04EC0-301F-11D3-BF4B-00C04F79EFBC}") = "Delegating.Object.Creation.To.Method", "Constrcting_Types_And_Apps\Delegating.Object.Creation.To.Method\Delegating.Object.Creation.To.Method.csproj", "{FA6189DE-BD06-4E0F-9D70-5B2AE3993F9E}"
EndProject
Project("{FAE04EC0-301F-11D3-BF4B-00C04F79EFBC}") = "Designing.Application.Layers", "Constrcting_Types_And_Apps\Designing.Application.Layers\Designing.Application.Layers.csproj", "{9F972511-0F77-45EC-B510-80C0A70EB370}"
EndProject
Project("{FAE04EC0-301F-11D3-BF4B-00C04F79EFBC}") = "Returning.Multiple.Values.From.Method", "Constrcting_Types_And_Apps\Returning.Multiple.Values.From.Method\Returning.Multiple.Values.From.Method.csproj", "{82DFE554-6146-4043-80D5-4BE2EDFA85FF}"
EndProject
Project("{FAE04EC0-301F-11D3-BF4B-00C04F79EFBC}") = "Convert.From.Legacy.To.Strongly.Typed", "Constrcting_Types_And_Apps\Convert.From.Legacy.To.Strongly.Typed\Convert.From.Legacy.To.Strongly.Typed.csproj", "{69E2C040-CAC2-4D2C-AE35-218000402AA4}"
EndProject
Project("{FAE04EC0-301F-11D3-BF4B-00C04F79EFBC}") = "Making.Classes.Adapt.To.Your.Interface", "Constrcting_Types_And_Apps\Making.Classes.Adapt.To.Your.Interface\Making.Classes.Adapt.To.Your.Interface.csproj", "{3A678CC6-05CD-1048-C001-406133B404AA}"
EndProject
Project("{FAE04EC0-301F-11D3-BF4B-00C04F79EFBC}") = "Designing.Custom.Exception", "Constrcting_Types_And_Apps\Designing.Custom.Exception\Designing.Custom.Exception.csproj", "{36C6DB66-E54E-48D6-9498-383B137D11F1}"
EndProject
Project("{FAE04EC0-301F-11D3-BF4B-00C04F79EFBC}") = "Constructing.Objects.With.Complex", "Constrcting_Types_And_Apps\Constructing.Objects.With.Complex\Constructing.Objects.With.Complex.csproj", "{A043F99D-9DFF-45C8-AACA-F104A0583EF2}"
EndProject
Project("{2150E333-8FDC-42A3-9474-1A3956D46DE8}") = "Coding_Algorithms", "Coding_Algorithms", "{02EA681E-C7D8-13C7-8484-4AC65E1B71E8}"
EndProject
Project("{FAE04EC0-301F-11D3-BF4B-00C04F79EFBC}") = "Processing.Strings.Efficiently", "Coding_Algorithms\Processing.Strings.Efficiently\Processing.Strings.Efficiently.csproj", "{AF9F963A-4651-44CC-A21B-01E347FB0300}"
EndProject
Project("{FAE04EC0-301F-11D3-BF4B-00C04F79EFBC}") = "Simplifying.Instance.Cleanup", "Coding_Algorithms\Simplifying.Instance.Cleanup\Simplifying.Instance.Cleanup.csproj", "{53DDA1D9-E848-468D-9ABD-F6238124E1A5}"
EndProject
Project("{FAE04EC0-301F-11D3-BF4B-00C04F79EFBC}") = "Keeping.Logic.Local", "Coding_Algorithms\Keeping.Logic.Local\Keeping.Logic.Local.csproj", "{2E033638-A212-4E66-91E9-164E93060948}"
EndProject
Project("{FAE04EC0-301F-11D3-BF4B-00C04F79EFBC}") = "Operating.On.Multiple.Classes.The.Same.Way", "Coding_Algorithms\Operating.On.Multiple.Classes.The.Same.Way\Operating.On.Multiple.Classes.The.Same.Way.csproj", "{6B6A7954-14B5-4233-8A9C-A424D1158CDF}"
EndProject
Project("{FAE04EC0-301F-11D3-BF4B-00C04F79EFBC}") = "Checking.For.Type.Equality", "Coding_Algorithms\Checking.For.Type.Equality\Checking.For.Type.Equality.csproj", "{80274BEA-454B-4CA2-AB4D-31214C7C5A03}"
EndProject
Project("{FAE04EC0-301F-11D3-BF4B-00C04F79EFBC}") = "Processing.Data.Hierarchies", "Coding_Algorithms\Processing.Data.Hierarchies\Processing.Data.Hierarchies.csproj", "{A29209CA-0324-4FE3-A9F3-A490C71E9AC8}"
EndProject
Project("{FAE04EC0-301F-11D3-BF4B-00C04F79EFBC}") = "Converting.From.To.Unix.Time", "Coding_Algorithms\Converting.From.To.Unix.Time\Converting.From.To.Unix.Time.csproj", "{E5F9F043-B24F-4761-91BF-2F8BD6C8D7B3}"
EndProject
Project("{FAE04EC0-301F-11D3-BF4B-00C04F79EFBC}") = "Caching.Frequently.Requested.Data", "Coding_Algorithms\Caching.Frequently.Requested.Data\Caching.Frequently.Requested.Data.csproj", "{FD4F08FB-4B63-4F0F-8518-D203B2CB9605}"
EndProject
Project("{FAE04EC0-301F-11D3-BF4B-00C04F79EFBC}") = "Delaying.Type.Instantiation", "Coding_Algorithms\Delaying.Type.Instantiation\Delaying.Type.Instantiation.csproj", "{310E01AD-2DFC-40A5-98D1-A74AB9B3038D}"
EndProject
Project("{FAE04EC0-301F-11D3-BF4B-00C04F79EFBC}") = "Parsing.Data.Files", "Coding_Algorithms\Parsing.Data.Files\Parsing.Data.Files.csproj", "{2A078341-59E2-4D40-9B2F-3D70D82D6137}"
EndProject
Project("{2150E333-8FDC-42A3-9474-1A3956D46DE8}") = "Ensuring_Quality", "Ensuring_Quality", "{C41269C9-370E-47BD-838B-435084FA47E0}"
EndProject
Project("{FAE04EC0-301F-11D3-BF4B-00C04F79EFBC}") = "Versioning.Interfaces.Safely", "Ensuring_Quality\Versioning.Interfaces.Safely\Versioning.Interfaces.Safely.csproj", "{E7246D03-7937-49CF-98E8-E2AF163A5B55}"
EndProject
Project("{FAE04EC0-301F-11D3-BF4B-00C04F79EFBC}") = "Protecting.Code.From.NullReferenceException", "Ensuring_Quality\Protecting.Code.From.NullReferenceException\Protecting.Code.From.NullReferenceException.csproj", "{BFE9362F-6115-4F7C-A792-81BEACCCDA51}"
EndProject
Project("{FAE04EC0-301F-11D3-BF4B-00C04F79EFBC}") = "Avoiding.Magic.Strings", "Ensuring_Quality\Avoiding.Magic.Strings\Avoiding.Magic.Strings.csproj", "{BC1AB5B5-B97B-4760-B658-3BB643CF208F}"
EndProject
Project("{FAE04EC0-301F-11D3-BF4B-00C04F79EFBC}") = "Customizing.Class.String.Representation", "Ensuring_Quality\Customizing.Class.String.Representation\Customizing.Class.String.Representation.csproj", "{E2F4FED6-19E2-47AA-9E85-E94ED3CB0D36}"
EndProject
Project("{FAE04EC0-301F-11D3-BF4B-00C04F79EFBC}") = "Rethrowing.Exceptions", "Ensuring_Quality\Rethrowing.Exceptions\Rethrowing.Exceptions.csproj", "{75496608-2E0E-4322-BBD3-6C78C32CD6AE}"
EndProject
Project("{FAE04EC0-301F-11D3-BF4B-00C04F79EFBC}") = "Managing.Process.Status", "Ensuring_Quality\Managing.Process.Status\Managing.Process.Status.csproj", "{99630D83-53A6-43A8-B3CD-7C577A2A433D}"
EndProject
Project("{FAE04EC0-301F-11D3-BF4B-00C04F79EFBC}") = "Building.Resilient.Network.Connections", "Ensuring_Quality\Building.Resilient.Network.Connections\Building.Resilient.Network.Connections.csproj", "{7722CB08-108E-42D9-865F-8477EA08FC4C}"
EndProject
Project("{FAE04EC0-301F-11D3-BF4B-00C04F79EFBC}") = "Measuring.Performance", "Ensuring_Quality\Measuring.Performance\Measuring.Performance.csproj", "{059E6468-A998-48E2-8B5E-A071A953C848}"
EndProject
Project("{2150E333-8FDC-42A3-9474-1A3956D46DE8}") = "Querying_With_LINQ", "Querying_With_LINQ", "{92987AE0-E147-4999-89E8-B415D1B09090}"
EndProject
Project("{FAE04EC0-301F-11D3-BF4B-00C04F79EFBC}") = "Transforming.Object.Shape", "Querying_With_LINQ\Transforming.Object.Shape\Transforming.Object.Shape.csproj", "{682CDB2E-4689-4694-BBFA-DAF0D3D6BCEE}"
EndProject
Global
	GlobalSection(SolutionConfigurationPlatforms) = preSolution
		Debug|Any CPU = Debug|Any CPU
		Release|Any CPU = Release|Any CPU
	EndGlobalSection
	GlobalSection(ProjectConfigurationPlatforms) = postSolution
		{2B05CADD-2EFC-466D-8685-73E519FA8908}.Debug|Any CPU.ActiveCfg = Debug|Any CPU
		{2B05CADD-2EFC-466D-8685-73E519FA8908}.Debug|Any CPU.Build.0 = Debug|Any CPU
		{2B05CADD-2EFC-466D-8685-73E519FA8908}.Release|Any CPU.ActiveCfg = Release|Any CPU
		{2B05CADD-2EFC-466D-8685-73E519FA8908}.Release|Any CPU.Build.0 = Release|Any CPU
		{75CDAEF5-15B0-43A0-97EC-AF3A00CD9750}.Debug|Any CPU.ActiveCfg = Debug|Any CPU
		{75CDAEF5-15B0-43A0-97EC-AF3A00CD9750}.Debug|Any CPU.Build.0 = Debug|Any CPU
		{75CDAEF5-15B0-43A0-97EC-AF3A00CD9750}.Release|Any CPU.ActiveCfg = Release|Any CPU
		{75CDAEF5-15B0-43A0-97EC-AF3A00CD9750}.Release|Any CPU.Build.0 = Release|Any CPU
		{14F36161-EFA5-45C2-B293-BD006717713C}.Debug|Any CPU.ActiveCfg = Debug|Any CPU
		{14F36161-EFA5-45C2-B293-BD006717713C}.Debug|Any CPU.Build.0 = Debug|Any CPU
		{14F36161-EFA5-45C2-B293-BD006717713C}.Release|Any CPU.ActiveCfg = Release|Any CPU
		{14F36161-EFA5-45C2-B293-BD006717713C}.Release|Any CPU.Build.0 = Release|Any CPU
		{FA6189DE-BD06-4E0F-9D70-5B2AE3993F9E}.Debug|Any CPU.ActiveCfg = Debug|Any CPU
		{FA6189DE-BD06-4E0F-9D70-5B2AE3993F9E}.Debug|Any CPU.Build.0 = Debug|Any CPU
		{FA6189DE-BD06-4E0F-9D70-5B2AE3993F9E}.Release|Any CPU.ActiveCfg = Release|Any CPU
		{FA6189DE-BD06-4E0F-9D70-5B2AE3993F9E}.Release|Any CPU.Build.0 = Release|Any CPU
		{9F972511-0F77-45EC-B510-80C0A70EB370}.Debug|Any CPU.ActiveCfg = Debug|Any CPU
		{9F972511-0F77-45EC-B510-80C0A70EB370}.Debug|Any CPU.Build.0 = Debug|Any CPU
		{9F972511-0F77-45EC-B510-80C0A70EB370}.Release|Any CPU.ActiveCfg = Release|Any CPU
		{9F972511-0F77-45EC-B510-80C0A70EB370}.Release|Any CPU.Build.0 = Release|Any CPU
		{82DFE554-6146-4043-80D5-4BE2EDFA85FF}.Debug|Any CPU.ActiveCfg = Debug|Any CPU
		{82DFE554-6146-4043-80D5-4BE2EDFA85FF}.Debug|Any CPU.Build.0 = Debug|Any CPU
		{82DFE554-6146-4043-80D5-4BE2EDFA85FF}.Release|Any CPU.ActiveCfg = Release|Any CPU
		{82DFE554-6146-4043-80D5-4BE2EDFA85FF}.Release|Any CPU.Build.0 = Release|Any CPU
		{69E2C040-CAC2-4D2C-AE35-218000402AA4}.Debug|Any CPU.ActiveCfg = Debug|Any CPU
		{69E2C040-CAC2-4D2C-AE35-218000402AA4}.Debug|Any CPU.Build.0 = Debug|Any CPU
		{69E2C040-CAC2-4D2C-AE35-218000402AA4}.Release|Any CPU.ActiveCfg = Release|Any CPU
		{69E2C040-CAC2-4D2C-AE35-218000402AA4}.Release|Any CPU.Build.0 = Release|Any CPU
		{3A678CC6-05CD-1048-C001-406133B404AA}.Debug|Any CPU.ActiveCfg = Debug|Any CPU
		{3A678CC6-05CD-1048-C001-406133B404AA}.Debug|Any CPU.Build.0 = Debug|Any CPU
		{3A678CC6-05CD-1048-C001-406133B404AA}.Release|Any CPU.ActiveCfg = Release|Any CPU
		{3A678CC6-05CD-1048-C001-406133B404AA}.Release|Any CPU.Build.0 = Release|Any CPU
		{36C6DB66-E54E-48D6-9498-383B137D11F1}.Debug|Any CPU.ActiveCfg = Debug|Any CPU
		{36C6DB66-E54E-48D6-9498-383B137D11F1}.Debug|Any CPU.Build.0 = Debug|Any CPU
		{36C6DB66-E54E-48D6-9498-383B137D11F1}.Release|Any CPU.ActiveCfg = Release|Any CPU
		{36C6DB66-E54E-48D6-9498-383B137D11F1}.Release|Any CPU.Build.0 = Release|Any CPU
		{A043F99D-9DFF-45C8-AACA-F104A0583EF2}.Debug|Any CPU.ActiveCfg = Debug|Any CPU
		{A043F99D-9DFF-45C8-AACA-F104A0583EF2}.Debug|Any CPU.Build.0 = Debug|Any CPU
		{A043F99D-9DFF-45C8-AACA-F104A0583EF2}.Release|Any CPU.ActiveCfg = Release|Any CPU
		{A043F99D-9DFF-45C8-AACA-F104A0583EF2}.Release|Any CPU.Build.0 = Release|Any CPU
		{AF9F963A-4651-44CC-A21B-01E347FB0300}.Debug|Any CPU.ActiveCfg = Debug|Any CPU
		{AF9F963A-4651-44CC-A21B-01E347FB0300}.Debug|Any CPU.Build.0 = Debug|Any CPU
		{AF9F963A-4651-44CC-A21B-01E347FB0300}.Release|Any CPU.ActiveCfg = Release|Any CPU
		{AF9F963A-4651-44CC-A21B-01E347FB0300}.Release|Any CPU.Build.0 = Release|Any CPU
		{53DDA1D9-E848-468D-9ABD-F6238124E1A5}.Debug|Any CPU.ActiveCfg = Debug|Any CPU
		{53DDA1D9-E848-468D-9ABD-F6238124E1A5}.Debug|Any CPU.Build.0 = Debug|Any CPU
		{53DDA1D9-E848-468D-9ABD-F6238124E1A5}.Release|Any CPU.ActiveCfg = Release|Any CPU
		{53DDA1D9-E848-468D-9ABD-F6238124E1A5}.Release|Any CPU.Build.0 = Release|Any CPU
		{2E033638-A212-4E66-91E9-164E93060948}.Debug|Any CPU.ActiveCfg = Debug|Any CPU
		{2E033638-A212-4E66-91E9-164E93060948}.Debug|Any CPU.Build.0 = Debug|Any CPU
		{2E033638-A212-4E66-91E9-164E93060948}.Release|Any CPU.ActiveCfg = Release|Any CPU
		{2E033638-A212-4E66-91E9-164E93060948}.Release|Any CPU.Build.0 = Release|Any CPU
		{6B6A7954-14B5-4233-8A9C-A424D1158CDF}.Debug|Any CPU.ActiveCfg = Debug|Any CPU
		{6B6A7954-14B5-4233-8A9C-A424D1158CDF}.Debug|Any CPU.Build.0 = Debug|Any CPU
		{6B6A7954-14B5-4233-8A9C-A424D1158CDF}.Release|Any CPU.ActiveCfg = Release|Any CPU
		{6B6A7954-14B5-4233-8A9C-A424D1158CDF}.Release|Any CPU.Build.0 = Release|Any CPU
		{80274BEA-454B-4CA2-AB4D-31214C7C5A03}.Debug|Any CPU.ActiveCfg = Debug|Any CPU
		{80274BEA-454B-4CA2-AB4D-31214C7C5A03}.Debug|Any CPU.Build.0 = Debug|Any CPU
		{80274BEA-454B-4CA2-AB4D-31214C7C5A03}.Release|Any CPU.ActiveCfg = Release|Any CPU
		{80274BEA-454B-4CA2-AB4D-31214C7C5A03}.Release|Any CPU.Build.0 = Release|Any CPU
		{A29209CA-0324-4FE3-A9F3-A490C71E9AC8}.Debug|Any CPU.ActiveCfg = Debug|Any CPU
		{A29209CA-0324-4FE3-A9F3-A490C71E9AC8}.Debug|Any CPU.Build.0 = Debug|Any CPU
		{A29209CA-0324-4FE3-A9F3-A490C71E9AC8}.Release|Any CPU.ActiveCfg = Release|Any CPU
		{A29209CA-0324-4FE3-A9F3-A490C71E9AC8}.Release|Any CPU.Build.0 = Release|Any CPU
		{E5F9F043-B24F-4761-91BF-2F8BD6C8D7B3}.Debug|Any CPU.ActiveCfg = Debug|Any CPU
		{E5F9F043-B24F-4761-91BF-2F8BD6C8D7B3}.Debug|Any CPU.Build.0 = Debug|Any CPU
		{E5F9F043-B24F-4761-91BF-2F8BD6C8D7B3}.Release|Any CPU.ActiveCfg = Release|Any CPU
		{E5F9F043-B24F-4761-91BF-2F8BD6C8D7B3}.Release|Any CPU.Build.0 = Release|Any CPU
		{FD4F08FB-4B63-4F0F-8518-D203B2CB9605}.Debug|Any CPU.ActiveCfg = Debug|Any CPU
		{FD4F08FB-4B63-4F0F-8518-D203B2CB9605}.Debug|Any CPU.Build.0 = Debug|Any CPU
		{FD4F08FB-4B63-4F0F-8518-D203B2CB9605}.Release|Any CPU.ActiveCfg = Release|Any CPU
		{FD4F08FB-4B63-4F0F-8518-D203B2CB9605}.Release|Any CPU.Build.0 = Release|Any CPU
		{310E01AD-2DFC-40A5-98D1-A74AB9B3038D}.Debug|Any CPU.ActiveCfg = Debug|Any CPU
		{310E01AD-2DFC-40A5-98D1-A74AB9B3038D}.Debug|Any CPU.Build.0 = Debug|Any CPU
		{310E01AD-2DFC-40A5-98D1-A74AB9B3038D}.Release|Any CPU.ActiveCfg = Release|Any CPU
		{310E01AD-2DFC-40A5-98D1-A74AB9B3038D}.Release|Any CPU.Build.0 = Release|Any CPU
		{2A078341-59E2-4D40-9B2F-3D70D82D6137}.Debug|Any CPU.ActiveCfg = Debug|Any CPU
		{2A078341-59E2-4D40-9B2F-3D70D82D6137}.Debug|Any CPU.Build.0 = Debug|Any CPU
		{2A078341-59E2-4D40-9B2F-3D70D82D6137}.Release|Any CPU.ActiveCfg = Release|Any CPU
		{2A078341-59E2-4D40-9B2F-3D70D82D6137}.Release|Any CPU.Build.0 = Release|Any CPU
		{E7246D03-7937-49CF-98E8-E2AF163A5B55}.Debug|Any CPU.ActiveCfg = Debug|Any CPU
		{E7246D03-7937-49CF-98E8-E2AF163A5B55}.Debug|Any CPU.Build.0 = Debug|Any CPU
		{E7246D03-7937-49CF-98E8-E2AF163A5B55}.Release|Any CPU.ActiveCfg = Release|Any CPU
		{E7246D03-7937-49CF-98E8-E2AF163A5B55}.Release|Any CPU.Build.0 = Release|Any CPU
		{BFE9362F-6115-4F7C-A792-81BEACCCDA51}.Debug|Any CPU.ActiveCfg = Debug|Any CPU
		{BFE9362F-6115-4F7C-A792-81BEACCCDA51}.Debug|Any CPU.Build.0 = Debug|Any CPU
		{BFE9362F-6115-4F7C-A792-81BEACCCDA51}.Release|Any CPU.ActiveCfg = Release|Any CPU
		{BFE9362F-6115-4F7C-A792-81BEACCCDA51}.Release|Any CPU.Build.0 = Release|Any CPU
		{BC1AB5B5-B97B-4760-B658-3BB643CF208F}.Debug|Any CPU.ActiveCfg = Debug|Any CPU
		{BC1AB5B5-B97B-4760-B658-3BB643CF208F}.Debug|Any CPU.Build.0 = Debug|Any CPU
		{BC1AB5B5-B97B-4760-B658-3BB643CF208F}.Release|Any CPU.ActiveCfg = Release|Any CPU
		{BC1AB5B5-B97B-4760-B658-3BB643CF208F}.Release|Any CPU.Build.0 = Release|Any CPU
		{E2F4FED6-19E2-47AA-9E85-E94ED3CB0D36}.Debug|Any CPU.ActiveCfg = Debug|Any CPU
		{E2F4FED6-19E2-47AA-9E85-E94ED3CB0D36}.Debug|Any CPU.Build.0 = Debug|Any CPU
		{E2F4FED6-19E2-47AA-9E85-E94ED3CB0D36}.Release|Any CPU.ActiveCfg = Release|Any CPU
		{E2F4FED6-19E2-47AA-9E85-E94ED3CB0D36}.Release|Any CPU.Build.0 = Release|Any CPU
		{75496608-2E0E-4322-BBD3-6C78C32CD6AE}.Debug|Any CPU.ActiveCfg = Debug|Any CPU
		{75496608-2E0E-4322-BBD3-6C78C32CD6AE}.Debug|Any CPU.Build.0 = Debug|Any CPU
		{75496608-2E0E-4322-BBD3-6C78C32CD6AE}.Release|Any CPU.ActiveCfg = Release|Any CPU
		{75496608-2E0E-4322-BBD3-6C78C32CD6AE}.Release|Any CPU.Build.0 = Release|Any CPU
		{99630D83-53A6-43A8-B3CD-7C577A2A433D}.Debug|Any CPU.ActiveCfg = Debug|Any CPU
		{99630D83-53A6-43A8-B3CD-7C577A2A433D}.Debug|Any CPU.Build.0 = Debug|Any CPU
		{99630D83-53A6-43A8-B3CD-7C577A2A433D}.Release|Any CPU.ActiveCfg = Release|Any CPU
		{99630D83-53A6-43A8-B3CD-7C577A2A433D}.Release|Any CPU.Build.0 = Release|Any CPU
		{7722CB08-108E-42D9-865F-8477EA08FC4C}.Debug|Any CPU.ActiveCfg = Debug|Any CPU
		{7722CB08-108E-42D9-865F-8477EA08FC4C}.Debug|Any CPU.Build.0 = Debug|Any CPU
		{7722CB08-108E-42D9-865F-8477EA08FC4C}.Release|Any CPU.ActiveCfg = Release|Any CPU
		{7722CB08-108E-42D9-865F-8477EA08FC4C}.Release|Any CPU.Build.0 = Release|Any CPU
		{059E6468-A998-48E2-8B5E-A071A953C848}.Debug|Any CPU.ActiveCfg = Debug|Any CPU
		{059E6468-A998-48E2-8B5E-A071A953C848}.Debug|Any CPU.Build.0 = Debug|Any CPU
		{059E6468-A998-48E2-8B5E-A071A953C848}.Release|Any CPU.ActiveCfg = Release|Any CPU
		{059E6468-A998-48E2-8B5E-A071A953C848}.Release|Any CPU.Build.0 = Release|Any CPU
		{682CDB2E-4689-4694-BBFA-DAF0D3D6BCEE}.Debug|Any CPU.ActiveCfg = Debug|Any CPU
		{682CDB2E-4689-4694-BBFA-DAF0D3D6BCEE}.Debug|Any CPU.Build.0 = Debug|Any CPU
		{682CDB2E-4689-4694-BBFA-DAF0D3D6BCEE}.Release|Any CPU.ActiveCfg = Release|Any CPU
		{682CDB2E-4689-4694-BBFA-DAF0D3D6BCEE}.Release|Any CPU.Build.0 = Release|Any CPU
	EndGlobalSection
	GlobalSection(SolutionProperties) = preSolution
		HideSolutionNode = FALSE
	EndGlobalSection
	GlobalSection(NestedProjects) = preSolution
		{2B05CADD-2EFC-466D-8685-73E519FA8908} = {4E95C097-ECE4-4650-BEB9-B3AC2BDBE6C7}
		{75CDAEF5-15B0-43A0-97EC-AF3A00CD9750} = {4E95C097-ECE4-4650-BEB9-B3AC2BDBE6C7}
		{14F36161-EFA5-45C2-B293-BD006717713C} = {4E95C097-ECE4-4650-BEB9-B3AC2BDBE6C7}
		{FA6189DE-BD06-4E0F-9D70-5B2AE3993F9E} = {4E95C097-ECE4-4650-BEB9-B3AC2BDBE6C7}
		{9F972511-0F77-45EC-B510-80C0A70EB370} = {4E95C097-ECE4-4650-BEB9-B3AC2BDBE6C7}
		{82DFE554-6146-4043-80D5-4BE2EDFA85FF} = {4E95C097-ECE4-4650-BEB9-B3AC2BDBE6C7}
		{69E2C040-CAC2-4D2C-AE35-218000402AA4} = {4E95C097-ECE4-4650-BEB9-B3AC2BDBE6C7}
		{3A678CC6-05CD-1048-C001-406133B404AA} = {4E95C097-ECE4-4650-BEB9-B3AC2BDBE6C7}
		{36C6DB66-E54E-48D6-9498-383B137D11F1} = {4E95C097-ECE4-4650-BEB9-B3AC2BDBE6C7}
		{A043F99D-9DFF-45C8-AACA-F104A0583EF2} = {4E95C097-ECE4-4650-BEB9-B3AC2BDBE6C7}
		{AF9F963A-4651-44CC-A21B-01E347FB0300} = {02EA681E-C7D8-13C7-8484-4AC65E1B71E8}
		{53DDA1D9-E848-468D-9ABD-F6238124E1A5} = {02EA681E-C7D8-13C7-8484-4AC65E1B71E8}
		{2E033638-A212-4E66-91E9-164E93060948} = {02EA681E-C7D8-13C7-8484-4AC65E1B71E8}
		{6B6A7954-14B5-4233-8A9C-A424D1158CDF} = {02EA681E-C7D8-13C7-8484-4AC65E1B71E8}
		{80274BEA-454B-4CA2-AB4D-31214C7C5A03} = {02EA681E-C7D8-13C7-8484-4AC65E1B71E8}
		{A29209CA-0324-4FE3-A9F3-A490C71E9AC8} = {02EA681E-C7D8-13C7-8484-4AC65E1B71E8}
		{E5F9F043-B24F-4761-91BF-2F8BD6C8D7B3} = {02EA681E-C7D8-13C7-8484-4AC65E1B71E8}
		{FD4F08FB-4B63-4F0F-8518-D203B2CB9605} = {02EA681E-C7D8-13C7-8484-4AC65E1B71E8}
		{310E01AD-2DFC-40A5-98D1-A74AB9B3038D} = {02EA681E-C7D8-13C7-8484-4AC65E1B71E8}
		{2A078341-59E2-4D40-9B2F-3D70D82D6137} = {02EA681E-C7D8-13C7-8484-4AC65E1B71E8}
		{E7246D03-7937-49CF-98E8-E2AF163A5B55} = {C41269C9-370E-47BD-838B-435084FA47E0}
		{BFE9362F-6115-4F7C-A792-81BEACCCDA51} = {C41269C9-370E-47BD-838B-435084FA47E0}
		{BC1AB5B5-B97B-4760-B658-3BB643CF208F} = {C41269C9-370E-47BD-838B-435084FA47E0}
		{E2F4FED6-19E2-47AA-9E85-E94ED3CB0D36} = {C41269C9-370E-47BD-838B-435084FA47E0}
		{75496608-2E0E-4322-BBD3-6C78C32CD6AE} = {C41269C9-370E-47BD-838B-435084FA47E0}
		{99630D83-53A6-43A8-B3CD-7C577A2A433D} = {C41269C9-370E-47BD-838B-435084FA47E0}
		{7722CB08-108E-42D9-865F-8477EA08FC4C} = {C41269C9-370E-47BD-838B-435084FA47E0}
		{059E6468-A998-48E2-8B5E-A071A953C848} = {C41269C9-370E-47BD-838B-435084FA47E0}
		{682CDB2E-4689-4694-BBFA-DAF0D3D6BCEE} = {92987AE0-E147-4999-89E8-B415D1B09090}
	EndGlobalSection
	GlobalSection(ExtensibilityGlobals) = postSolution
		SolutionGuid = {C6D5F315-869D-49C2-A7EE-EDB6229CC326}
	EndGlobalSection
EndGlobal
